
Microsoft Visual Studio Solution File, Format Version 12.00
# Visual Studio Version 16
VisualStudioVersion = 16.0.29215.179
MinimumVisualStudioVersion = 10.0.40219.1
Project("{FAE04EC0-301F-11D3-BF4B-00C04F79EFBC}") = "ConsoleSnake", "ConsoleSnake\ConsoleSnake.csproj", "{C1244214-6615-4CB9-B205-87801196BAAF}"
EndProject
Global
	GlobalSection(SolutionConfigurationPlatforms) = preSolution
		Debug|Any CPU = Debug|Any CPU
		Release|Any CPU = Release|Any CPU
	EndGlobalSection
	GlobalSection(ProjectConfigurationPlatforms) = postSolution
		{C1244214-6615-4CB9-B205-87801196BAAF}.Debug|Any CPU.ActiveCfg = Debug|Any CPU
		{C1244214-6615-4CB9-B205-87801196BAAF}.Debug|Any CPU.Build.0 = Debug|Any CPU
		{C1244214-6615-4CB9-B205-87801196BAAF}.Release|Any CPU.ActiveCfg = Release|Any CPU
		{C1244214-6615-4CB9-B205-87801196BAAF}.Release|Any CPU.Build.0 = Release|Any CPU
	EndGlobalSection
	GlobalSection(SolutionProperties) = preSolution
		HideSolutionNode = FALSE
	EndGlobalSection
	GlobalSection(ExtensibilityGlobals) = postSolution
		SolutionGuid = {7607B7C1-20F5-44EC-BD4B-6C69E215A1B2}
	EndGlobalSection
EndGlobal
